
Microsoft Visual Studio Solution File, Format Version 12.00
# Visual Studio Version 16
VisualStudioVersion = 16.0.31205.134
MinimumVisualStudioVersion = 10.0.40219.1
Project("{FAE04EC0-301F-11D3-BF4B-00C04F79EFBC}") = "Miller_Dialer", "Miller_Dialer\Miller_Dialer.csproj", "{4380AA50-BC3C-4973-971E-65229332C109}"
EndProject
Global
	GlobalSection(SolutionConfigurationPlatforms) = preSolution
		Debug|Any CPU = Debug|Any CPU
		Release|Any CPU = Release|Any CPU
	EndGlobalSection
	GlobalSection(ProjectConfigurationPlatforms) = postSolution
		{4380AA50-BC3C-4973-971E-65229332C109}.Debug|Any CPU.ActiveCfg = Debug|Any CPU
		{4380AA50-BC3C-4973-971E-65229332C109}.Debug|Any CPU.Build.0 = Debug|Any CPU
		{4380AA50-BC3C-4973-971E-65229332C109}.Release|Any CPU.ActiveCfg = Release|Any CPU
		{4380AA50-BC3C-4973-971E-65229332C109}.Release|Any CPU.Build.0 = Release|Any CPU
	EndGlobalSection
	GlobalSection(SolutionProperties) = preSolution
		HideSolutionNode = FALSE
	EndGlobalSection
	GlobalSection(ExtensibilityGlobals) = postSolution
		SolutionGuid = {C36069D3-3146-49ED-B832-B4BA4342E127}
	EndGlobalSection
EndGlobal
